
Microsoft Visual Studio Solution File, Format Version 12.00
# Visual Studio Version 17
VisualStudioVersion = 17.8.34322.80
MinimumVisualStudioVersion = 10.0.40219.1
Project("{FAE04EC0-301F-11D3-BF4B-00C04F79EFBC}") = "YTPD", "YTPD.csproj", "{B0A44D9E-3A2B-408F-9686-6AEC666966C0}"
EndProject
Global
	GlobalSection(SolutionConfigurationPlatforms) = preSolution
		Debug|Any CPU = Debug|Any CPU
		Release|Any CPU = Release|Any CPU
	EndGlobalSection
	GlobalSection(ProjectConfigurationPlatforms) = postSolution
		{B0A44D9E-3A2B-408F-9686-6AEC666966C0}.Debug|Any CPU.ActiveCfg = Debug|Any CPU
		{B0A44D9E-3A2B-408F-9686-6AEC666966C0}.Debug|Any CPU.Build.0 = Debug|Any CPU
		{B0A44D9E-3A2B-408F-9686-6AEC666966C0}.Release|Any CPU.ActiveCfg = Release|Any CPU
		{B0A44D9E-3A2B-408F-9686-6AEC666966C0}.Release|Any CPU.Build.0 = Release|Any CPU
	EndGlobalSection
	GlobalSection(SolutionProperties) = preSolution
		HideSolutionNode = FALSE
	EndGlobalSection
	GlobalSection(ExtensibilityGlobals) = postSolution
		SolutionGuid = {F3E134F2-EC5D-42BF-95F4-045B1BF011F7}
	EndGlobalSection
EndGlobal
